// !$*UTF8*$!
{
	archiveVersion = 1;
	classes = {
	};
	objectVersion = 46;
	objects = {

/* Begin PBXBuildFile section */
		D93D5EDD1A2F457900E1C409 /* AppDelegate.swift in Sources */ = {isa = PBXBuildFile; fileRef = D93D5EDC1A2F457900E1C409 /* AppDelegate.swift */; };
		D93D5EDF1A2F457900E1C409 /* ViewController.swift in Sources */ = {isa = PBXBuildFile; fileRef = D93D5EDE1A2F457900E1C409 /* ViewController.swift */; };
		D93D5EE21A2F457900E1C409 /* Main.storyboard in Resources */ = {isa = PBXBuildFile; fileRef = D93D5EE01A2F457900E1C409 /* Main.storyboard */; };
		D93D5EE41A2F457900E1C409 /* Images.xcassets in Resources */ = {isa = PBXBuildFile; fileRef = D93D5EE31A2F457900E1C409 /* Images.xcassets */; };
		D93D5EE71A2F457900E1C409 /* LaunchScreen.xib in Resources */ = {isa = PBXBuildFile; fileRef = D93D5EE51A2F457900E1C409 /* LaunchScreen.xib */; };
		D93D5EF31A2F457A00E1C409 /* SevenEightAlertTests.swift in Sources */ = {isa = PBXBuildFile; fileRef = D93D5EF21A2F457A00E1C409 /* SevenEightAlertTests.swift */; };
		D93D5EFF1A2F48AD00E1C409 /* VFAlert.swift in Sources */ = {isa = PBXBuildFile; fileRef = D93D5EFE1A2F48AD00E1C409 /* VFAlert.swift */; };
/* End PBXBuildFile section */

/* Begin PBXContainerItemProxy section */
		D93D5EED1A2F457A00E1C409 /* PBXContainerItemProxy */ = {
			isa = PBXContainerItemProxy;
			containerPortal = D93D5ECF1A2F457900E1C409 /* Project object */;
			proxyType = 1;
			remoteGlobalIDString = D93D5ED61A2F457900E1C409;
			remoteInfo = SevenEightAlert;
		};
/* End PBXContainerItemProxy section */

/* Begin PBXFileReference section */
		D93D5ED71A2F457900E1C409 /* SevenEightAlert.app */ = {isa = PBXFileReference; explicitFileType = wrapper.application; includeInIndex = 0; path = SevenEightAlert.app; sourceTree = BUILT_PRODUCTS_DIR; };
		D93D5EDB1A2F457900E1C409 /* Info.plist */ = {isa = PBXFileReference; lastKnownFileType = text.plist.xml; path = Info.plist; sourceTree = "<group>"; };
		D93D5EDC1A2F457900E1C409 /* AppDelegate.swift */ = {isa = PBXFileReference; lastKnownFileType = sourcecode.swift; path = AppDelegate.swift; sourceTree = "<group>"; };
		D93D5EDE1A2F457900E1C409 /* ViewController.swift */ = {isa = PBXFileReference; lastKnownFileType = sourcecode.swift; path = ViewController.swift; sourceTree = "<group>"; };
		D93D5EE11A2F457900E1C409 /* Base */ = {isa = PBXFileReference; lastKnownFileType = file.storyboard; name = Base; path = Base.lproj/Main.storyboard; sourceTree = "<group>"; };
		D93D5EE31A2F457900E1C409 /* Images.xcassets */ = {isa = PBXFileReference; lastKnownFileType = folder.assetcatalog; path = Images.xcassets; sourceTree = "<group>"; };
		D93D5EE61A2F457900E1C409 /* Base */ = {isa = PBXFileReference; lastKnownFileType = file.xib; name = Base; path = Base.lproj/LaunchScreen.xib; sourceTree = "<group>"; };
		D93D5EEC1A2F457A00E1C409 /* SevenEightAlertTests.xctest */ = {isa = PBXFileReference; explicitFileType = wrapper.cfbundle; includeInIndex = 0; path = SevenEightAlertTests.xctest; sourceTree = BUILT_PRODUCTS_DIR; };
		D93D5EF11A2F457A00E1C409 /* Info.plist */ = {isa = PBXFileReference; lastKnownFileType = text.plist.xml; path = Info.plist; sourceTree = "<group>"; };
		D93D5EF21A2F457A00E1C409 /* SevenEightAlertTests.swift */ = {isa = PBXFileReference; lastKnownFileType = sourcecode.swift; path = SevenEightAlertTests.swift; sourceTree = "<group>"; };
		D93D5EFE1A2F48AD00E1C409 /* VFAlert.swift */ = {isa = PBXFileReference; fileEncoding = 4; lastKnownFileType = sourcecode.swift; path = VFAlert.swift; sourceTree = "<group>"; };
/* End PBXFileReference section */

/* Begin PBXFrameworksBuildPhase section */
		D93D5ED41A2F457900E1C409 /* Frameworks */ = {
			isa = PBXFrameworksBuildPhase;
			buildActionMask = 2147483647;
			files = (
			);
			runOnlyForDeploymentPostprocessing = 0;
		};
		D93D5EE91A2F457A00E1C409 /* Frameworks */ = {
			isa = PBXFrameworksBuildPhase;
			buildActionMask = 2147483647;
			files = (
			);
			runOnlyForDeploymentPostprocessing = 0;
		};
/* End PBXFrameworksBuildPhase section */

/* Begin PBXGroup section */
		D93D5ECE1A2F457900E1C409 = {
			isa = PBXGroup;
			children = (
				D93D5ED91A2F457900E1C409 /* SevenEightAlert */,
				D93D5EEF1A2F457A00E1C409 /* SevenEightAlertTests */,
				D93D5ED81A2F457900E1C409 /* Products */,
			);
			sourceTree = "<group>";
		};
		D93D5ED81A2F457900E1C409 /* Products */ = {
			isa = PBXGroup;
			children = (
				D93D5ED71A2F457900E1C409 /* SevenEightAlert.app */,
				D93D5EEC1A2F457A00E1C409 /* SevenEightAlertTests.xctest */,
			);
			name = Products;
			sourceTree = "<group>";
		};
		D93D5ED91A2F457900E1C409 /* SevenEightAlert */ = {
			isa = PBXGroup;
			children = (
				D93D5EDC1A2F457900E1C409 /* AppDelegate.swift */,
				D93D5EDE1A2F457900E1C409 /* ViewController.swift */,
				D93D5EFE1A2F48AD00E1C409 /* VFAlert.swift */,
				D93D5EE01A2F457900E1C409 /* Main.storyboard */,
				D93D5EE31A2F457900E1C409 /* Images.xcassets */,
				D93D5EE51A2F457900E1C409 /* LaunchScreen.xib */,
				D93D5EDA1A2F457900E1C409 /* Supporting Files */,
			);
			path = SevenEightAlert;
			sourceTree = "<group>";
		};
		D93D5EDA1A2F457900E1C409 /* Supporting Files */ = {
			isa = PBXGroup;
			children = (
				D93D5EDB1A2F457900E1C409 /* Info.plist */,
			);
			name = "Supporting Files";
			sourceTree = "<group>";
		};
		D93D5EEF1A2F457A00E1C409 /* SevenEightAlertTests */ = {
			isa = PBXGroup;
			children = (
				D93D5EF21A2F457A00E1C409 /* SevenEightAlertTests.swift */,
				D93D5EF01A2F457A00E1C409 /* Supporting Files */,
			);
			path = SevenEightAlertTests;
			sourceTree = "<group>";
		};
		D93D5EF01A2F457A00E1C409 /* Supporting Files */ = {
			isa = PBXGroup;
			children = (
				D93D5EF11A2F457A00E1C409 /* Info.plist */,
			);
			name = "Supporting Files";
			sourceTree = "<group>";
		};
/* End PBXGroup section */

/* Begin PBXNativeTarget section */
		D93D5ED61A2F457900E1C409 /* SevenEightAlert */ = {
			isa = PBXNativeTarget;
			buildConfigurationList = D93D5EF61A2F457A00E1C409 /* Build configuration list for PBXNativeTarget "SevenEightAlert" */;
			buildPhases = (
				D93D5ED31A2F457900E1C409 /* Sources */,
				D93D5ED41A2F457900E1C409 /* Frameworks */,
				D93D5ED51A2F457900E1C409 /* Resources */,
			);
			buildRules = (
			);
			dependencies = (
			);
			name = SevenEightAlert;
			productName = SevenEightAlert;
			productReference = D93D5ED71A2F457900E1C409 /* SevenEightAlert.app */;
			productType = "com.apple.product-type.application";
		};
		D93D5EEB1A2F457A00E1C409 /* SevenEightAlertTests */ = {
			isa = PBXNativeTarget;
			buildConfigurationList = D93D5EF91A2F457A00E1C409 /* Build configuration list for PBXNativeTarget "SevenEightAlertTests" */;
			buildPhases = (
				D93D5EE81A2F457A00E1C409 /* Sources */,
				D93D5EE91A2F457A00E1C409 /* Frameworks */,
				D93D5EEA1A2F457A00E1C409 /* Resources */,
			);
			buildRules = (
			);
			dependencies = (
				D93D5EEE1A2F457A00E1C409 /* PBXTargetDependency */,
			);
			name = SevenEightAlertTests;
			productName = SevenEightAlertTests;
			productReference = D93D5EEC1A2F457A00E1C409 /* SevenEightAlertTests.xctest */;
			productType = "com.apple.product-type.bundle.unit-test";
		};
/* End PBXNativeTarget section */

/* Begin PBXProject section */
		D93D5ECF1A2F457900E1C409 /* Project object */ = {
			isa = PBXProject;
			attributes = {
				LastUpgradeCheck = 0610;
				ORGANIZATIONNAME = "Valerio Ferrucci";
				TargetAttributes = {
					D93D5ED61A2F457900E1C409 = {
						CreatedOnToolsVersion = 6.1;
					};
					D93D5EEB1A2F457A00E1C409 = {
						CreatedOnToolsVersion = 6.1;
						TestTargetID = D93D5ED61A2F457900E1C409;
					};
				};
			};
			buildConfigurationList = D93D5ED21A2F457900E1C409 /* Build configuration list for PBXProject "SevenEightAlert" */;
			compatibilityVersion = "Xcode 3.2";
			developmentRegion = English;
			hasScannedForEncodings = 0;
			knownRegions = (
				en,
				Base,
			);
			mainGroup = D93D5ECE1A2F457900E1C409;
			productRefGroup = D93D5ED81A2F457900E1C409 /* Products */;
			projectDirPath = "";
			projectRoot = "";
			targets = (
				D93D5ED61A2F457900E1C409 /* SevenEightAlert */,
				D93D5EEB1A2F457A00E1C409 /* SevenEightAlertTests */,
			);
		};
/* End PBXProject section */

/* Begin PBXResourcesBuildPhase section */
		D93D5ED51A2F457900E1C409 /* Resources */ = {
			isa = PBXResourcesBuildPhase;
			buildActionMask = 2147483647;
			files = (
				D93D5EE21A2F457900E1C409 /* Main.storyboard in Resources */,
				D93D5EE71A2F457900E1C409 /* LaunchScreen.xib in Resources */,
				D93D5EE41A2F457900E1C409 /* Images.xcassets in Resources */,
			);
			runOnlyForDeploymentPostprocessing = 0;
		};
		D93D5EEA1A2F457A00E1C409 /* Resources */ = {
			isa = PBXResourcesBuildPhase;
			buildActionMask = 2147483647;
			files = (
			);
			runOnlyForDeploymentPostprocessing = 0;
		};
/* End PBXResourcesBuildPhase section */

/* Begin PBXSourcesBuildPhase section */
		D93D5ED31A2F457900E1C409 /* Sources */ = {
			isa = PBXSourcesBuildPhase;
			buildActionMask = 2147483647;
			files = (
				D93D5EDF1A2F457900E1C409 /* ViewController.swift in Sources */,
				D93D5EFF1A2F48AD00E1C409 /* VFAlert.swift in Sources */,
				D93D5EDD1A2F457900E1C409 /* AppDelegate.swift in Sources */,
			);
			runOnlyForDeploymentPostprocessing = 0;
		};
		D93D5EE81A2F457A00E1C409 /* Sources */ = {
			isa = PBXSourcesBuildPhase;
			buildActionMask = 2147483647;
			files = (
				D93D5EF31A2F457A00E1C409 /* SevenEightAlertTests.swift in Sources */,
			);
			runOnlyForDeploymentPostprocessing = 0;
		};
/* End PBXSourcesBuildPhase section */

/* Begin PBXTargetDependency section */
		D93D5EEE1A2F457A00E1C409 /* PBXTargetDependency */ = {
			isa = PBXTargetDependency;
			target = D93D5ED61A2F457900E1C409 /* SevenEightAlert */;
			targetProxy = D93D5EED1A2F457A00E1C409 /* PBXContainerItemProxy */;
		};
/* End PBXTargetDependency section */

/* Begin PBXVariantGroup section */
		D93D5EE01A2F457900E1C409 /* Main.storyboard */ = {
			isa = PBXVariantGroup;
			children = (
				D93D5EE11A2F457900E1C409 /* Base */,
			);
			name = Main.storyboard;
			sourceTree = "<group>";
		};
		D93D5EE51A2F457900E1C409 /* LaunchScreen.xib */ = {
			isa = PBXVariantGroup;
			children = (
				D93D5EE61A2F457900E1C409 /* Base */,
			);
			name = LaunchScreen.xib;
			sourceTree = "<group>";
		};
/* End PBXVariantGroup section */

/* Begin XCBuildConfiguration section */
		D93D5EF41A2F457A00E1C409 /* Debug */ = {
			isa = XCBuildConfiguration;
			buildSettings = {
				ALWAYS_SEARCH_USER_PATHS = NO;
				CLANG_CXX_LANGUAGE_STANDARD = "gnu++0x";
				CLANG_CXX_LIBRARY = "libc++";
				CLANG_ENABLE_MODULES = YES;
				CLANG_ENABLE_OBJC_ARC = YES;
				CLANG_WARN_BOOL_CONVERSION = YES;
				CLANG_WARN_CONSTANT_CONVERSION = YES;
				CLANG_WARN_DIRECT_OBJC_ISA_USAGE = YES_ERROR;
				CLANG_WARN_EMPTY_BODY = YES;
				CLANG_WARN_ENUM_CONVERSION = YES;
				CLANG_WARN_INT_CONVERSION = YES;
				CLANG_WARN_OBJC_ROOT_CLASS = YES_ERROR;
				CLANG_WARN_UNREACHABLE_CODE = YES;
				CLANG_WARN__DUPLICATE_METHOD_MATCH = YES;
				"CODE_SIGN_IDENTITY[sdk=iphoneos*]" = "iPhone Developer";
				COPY_PHASE_STRIP = NO;
				ENABLE_STRICT_OBJC_MSGSEND = YES;
				GCC_C_LANGUAGE_STANDARD = gnu99;
				GCC_DYNAMIC_NO_PIC = NO;
				GCC_OPTIMIZATION_LEVEL = 0;
				GCC_PREPROCESSOR_DEFINITIONS = (
					"DEBUG=1",
					"$(inherited)",
				);
				GCC_SYMBOLS_PRIVATE_EXTERN = NO;
				GCC_WARN_64_TO_32_BIT_CONVERSION = YES;
				GCC_WARN_ABOUT_RETURN_TYPE = YES_ERROR;
				GCC_WARN_UNDECLARED_SELECTOR = YES;
				GCC_WARN_UNINITIALIZED_AUTOS = YES_AGGRESSIVE;
				GCC_WARN_UNUSED_FUNCTION = YES;
				GCC_WARN_UNUSED_VARIABLE = YES;
				IPHONEOS_DEPLOYMENT_TARGET = 7.1;
				MTL_ENABLE_DEBUG_INFO = YES;
				ONLY_ACTIVE_ARCH = YES;
				SDKROOT = iphoneos;
				SWIFT_OPTIMIZATION_LEVEL = "-Onone";
				TARGETED_DEVICE_FAMILY = "1,2";
			};
			name = Debug;
		};
		D93D5EF51A2F457A00E1C409 /* Release */ = {
			isa = XCBuildConfiguration;
			buildSettings = {
				ALWAYS_SEARCH_USER_PATHS = NO;
				CLANG_CXX_LANGUAGE_STANDARD = "gnu++0x";
				CLANG_CXX_LIBRARY = "libc++";
				CLANG_ENABLE_MODULES = YES;
				CLANG_ENABLE_OBJC_ARC = YES;
				CLANG_WARN_BOOL_CONVERSION = YES;
				CLANG_WARN_CONSTANT_CONVERSION = YES;
				CLANG_WARN_DIRECT_OBJC_ISA_USAGE = YES_ERROR;
				CLANG_WARN_EMPTY_BODY = YES;
				CLANG_WARN_ENUM_CONVERSION = YES;
				CLANG_WARN_INT_CONVERSION = YES;
				CLANG_WARN_OBJC_ROOT_CLASS = YES_ERROR;
				CLANG_WARN_UNREACHABLE_CODE = YES;
				CLANG_WARN__DUPLICATE_METHOD_MATCH = YES;
				"CODE_SIGN_IDENTITY[sdk=iphoneos*]" = "iPhone Developer";
				COPY_PHASE_STRIP = YES;
				ENABLE_NS_ASSERTIONS = NO;
				ENABLE_STRICT_OBJC_MSGSEND = YES;
				GCC_C_LANGUAGE_STANDARD = gnu99;
				GCC_WARN_64_TO_32_BIT_CONVERSION = YES;
				GCC_WARN_ABOUT_RETURN_TYPE = YES_ERROR;
				GCC_WARN_UNDECLARED_SELECTOR = YES;
				GCC_WARN_UNINITIALIZED_AUTOS = YES_AGGRESSIVE;
				GCC_WARN_UNUSED_FUNCTION = YES;
				GCC_WARN_UNUSED_VARIABLE = YES;
				IPHONEOS_DEPLOYMENT_TARGET = 7.1;
				MTL_ENABLE_DEBUG_INFO = NO;
				SDKROOT = iphoneos;
				TARGETED_DEVICE_FAMILY = "1,2";
				VALIDATE_PRODUCT = YES;
			};
			name = Release;
		};
		D93D5EF71A2F457A00E1C409 /* Debug */ = {
			isa = XCBuildConfiguration;
			buildSettings = {
				ASSETCATALOG_COMPILER_APPICON_NAME = AppIcon;
				INFOPLIST_FILE = SevenEightAlert/Info.plist;
				IPHONEOS_DEPLOYMENT_TARGET = 7.1;
				LD_RUNPATH_SEARCH_PATHS = "$(inherited) @executable_path/Frameworks";
				PRODUCT_NAME = "$(TARGET_NAME)";
			};
			name = Debug;
		};
		D93D5EF81A2F457A00E1C409 /* Release */ = {
			isa = XCBuildConfiguration;
			buildSettings = {
				ASSETCATALOG_COMPILER_APPICON_NAME = AppIcon;
				INFOPLIST_FILE = SevenEightAlert/Info.plist;
				IPHONEOS_DEPLOYMENT_TARGET = 7.1;
				LD_RUNPATH_SEARCH_PATHS = "$(inherited) @executable_path/Frameworks";
				PRODUCT_NAME = "$(TARGET_NAME)";
			};
			name = Release;
		};
		D93D5EFA1A2F457A00E1C409 /* Debug */ = {
			isa = XCBuildConfiguration;
			buildSettings = {
				BUNDLE_LOADER = "$(TEST_HOST)";
				FRAMEWORK_SEARCH_PATHS = (
					"$(SDKROOT)/Developer/Library/Frameworks",
					"$(inherited)",
				);
				GCC_PREPROCESSOR_DEFINITIONS = (
					"DEBUG=1",
					"$(inherited)",
				);
				INFOPLIST_FILE = SevenEightAlertTests/Info.plist;
				LD_RUNPATH_SEARCH_PATHS = "$(inherited) @executable_path/Frameworks @loader_path/Frameworks";
				PRODUCT_NAME = "$(TARGET_NAME)";
				TEST_HOST = "$(BUILT_PRODUCTS_DIR)/SevenEightAlert.app/SevenEightAlert";
			};
			name = Debug;
		};
		D93D5EFB1A2F457A00E1C409 /* Release */ = {
			isa = XCBuildConfiguration;
			buildSettings = {
				BUNDLE_LOADER = "$(TEST_HOST)";
				FRAMEWORK_SEARCH_PATHS = (
					"$(SDKROOT)/Developer/Library/Frameworks",
					"$(inherited)",
				);
				INFOPLIST_FILE = SevenEightAlertTests/Info.plist;
				LD_RUNPATH_SEARCH_PATHS = "$(inherited) @executable_path/Frameworks @loader_path/Frameworks";
				PRODUCT_NAME = "$(TARGET_NAME)";
				TEST_HOST = "$(BUILT_PRODUCTS_DIR)/SevenEightAlert.app/SevenEightAlert";
			};
			name = Release;
		};
/* End XCBuildConfiguration section */

/* Begin XCConfigurationList section */
		D93D5ED21A2F457900E1C409 /* Build configuration list for PBXProject "SevenEightAlert" */ = {
			isa = XCConfigurationList;
			buildConfigurations = (
				D93D5EF41A2F457A00E1C409 /* Debug */,
				D93D5EF51A2F457A00E1C409 /* Release */,
			);
			defaultConfigurationIsVisible = 0;
			defaultConfigurationName = Release;
		};
		D93D5EF61A2F457A00E1C409 /* Build configuration list for PBXNativeTarget "SevenEightAlert" */ = {
			isa = XCConfigurationList;
			buildConfigurations = (
				D93D5EF71A2F457A00E1C409 /* Debug */,
				D93D5EF81A2F457A00E1C409 /* Release */,
			);
			defaultConfigurationIsVisible = 0;
		};
		D93D5EF91A2F457A00E1C409 /* Build configuration list for PBXNativeTarget "SevenEightAlertTests" */ = {
			isa = XCConfigurationList;
			buildConfigurations = (
				D93D5EFA1A2F457A00E1C409 /* Debug */,
				D93D5EFB1A2F457A00E1C409 /* Release */,
			);
			defaultConfigurationIsVisible = 0;
		};
/* End XCConfigurationList section */
	};
	rootObject = D93D5ECF1A2F457900E1C409 /* Project object */;
}
